{
  "name": "小程序_口语宝_WeiXin",
  "lockfileVersion": 2,
  "requires": true,
  "packages": {
    "": {
      "dependencies": {
        "spa-custom-hooks": "^1.4.1"
      }
    },
    "node_modules/spa-custom-hooks": {
      "version": "1.4.1",
      "resolved": "https://registry.npmmirror.com/spa-custom-hooks/-/spa-custom-hooks-1.4.1.tgz",
      "integrity": "sha512-Ld1kTLWu9+zTy5En7WAjvNKGd3nX2QPVmuMehxImC6reZJUuw29xr90RaUvmGCIZv134VY8cMICQBhUGfZnmVQ=="
    }
  },
  "dependencies": {
    "spa-custom-hooks": {
      "version": "1.4.1",
      "resolved": "https://registry.npmmirror.com/spa-custom-hooks/-/spa-custom-hooks-1.4.1.tgz",
      "integrity": "sha512-Ld1kTLWu9+zTy5En7WAjvNKGd3nX2QPVmuMehxImC6reZJUuw29xr90RaUvmGCIZv134VY8cMICQBhUGfZnmVQ=="
    }
  }
}
